<?xml version="1.0" encoding="utf-8"?>
<Project ToolsVersion="4.0" xmlns="http://schemas.microsoft.com/developer/msbuild/2003">
  <ItemGroup>
    <Filter Include="Source">
      <UniqueIdentifier>{4FC737F1-C7A5-4376-A066-2A32D752A2FF}</UniqueIdentifier>
      <Extensions>cpp;c;cc;cxx;def;odl;idl;hpj;bat;asm;asmx</Extensions>
    </Filter>
  </ItemGroup>
  <ItemGroup>
    <ClInclude Include="Source\BaseUtils\Base.h">
      <Filter>Source</Filter>
    </ClInclude>
    <ClInclude Include="Source\BaseUtils\CTextFile.h">
      <Filter>Source</Filter>
    </ClInclude>
    <ClInclude Include="Source\BaseUtils\BaseCore.h">
      <Filter>Source</Filter>
    </ClInclude>
    <ClInclude Include="Source\BaseUtils\CApplicationLog.h">
      <Filter>Source</Filter>
    </ClInclude>
    <ClInclude Include="Source\BaseUtils\CBinaryTree.h">
      <Filter>Source</Filter>
    </ClInclude>
    <ClInclude Include="Source\BaseUtils\CFile.h">
      <Filter>Source</Filter>
    </ClInclude>
    <ClInclude Include="Source\BaseUtils\CGeneralTree.h">
      <Filter>Source</Filter>
    </ClInclude>
    <ClInclude Include="Source\BaseUtils\CSingleton.h">
      <Filter>Source</Filter>
    </ClInclude>
    <ClInclude Include="Source\BaseUtils\PNGWriter.h">
      <Filter>Source</Filter>
    </ClInclude>
    <ClInclude Include="Source\BaseUtils\png.h">
      <Filter>Source</Filter>
    </ClInclude>
  </ItemGroup>
  <ItemGroup>
    <ClCompile Include="Source\BaseUtils\CApplicationLog.cpp">
      <Filter>Source</Filter>
    </ClCompile>
    <ClCompile Include="Source\BaseUtils\CFile.cpp">
      <Filter>Source</Filter>
    </ClCompile>
    <ClCompile Include="Source\BaseUtils\CTextFile.cpp">
      <Filter>Source</Filter>
    </ClCompile>
    <ClCompile Include="Source\BaseUtils\PNGWriter.cpp">
      <Filter>Source</Filter>
    </ClCompile>
  </ItemGroup>
</Project>