<?xml version="1.0" encoding="utf-8"?>
<Project ToolsVersion="4.0" xmlns="http://schemas.microsoft.com/developer/msbuild/2003">
  <ItemGroup>
    <Filter Include="Source">
      <UniqueIdentifier>{4FC737F1-C7A5-4376-A066-2A32D752A2FF}</UniqueIdentifier>
      <Extensions>cpp;c;cc;cxx;def;odl;idl;hpj;bat;asm;asmx</Extensions>
    </Filter>
    <Filter Include="Source\Geometry">
      <UniqueIdentifier>{b4e2978b-e305-46b5-b185-8975c52bee4a}</UniqueIdentifier>
    </Filter>
  </ItemGroup>
  <ItemGroup>
    <ClCompile Include="Source\RaytracerMain\main.cpp">
      <Filter>Source</Filter>
    </ClCompile>
    <ClCompile Include="Source\RaytracerMain\Scene.cpp">
      <Filter>Source</Filter>
    </ClCompile>
    <ClCompile Include="Source\RaytracerMain\Geometry\Triangle.cpp">
      <Filter>Source\Geometry</Filter>
    </ClCompile>
    <ClCompile Include="Source\RaytracerMain\Geometry\Vector3d.cpp">
      <Filter>Source\Geometry</Filter>
    </ClCompile>
    <ClCompile Include="Source\RaytracerMain\Camera.cpp">
      <Filter>Source</Filter>
    </ClCompile>
    <ClCompile Include="Source\RaytracerMain\Geometry\Octree.cpp">
      <Filter>Source\Geometry</Filter>
    </ClCompile>
    <ClCompile Include="Source\RaytracerMain\Geometry\Plane.cpp">
      <Filter>Source\Geometry</Filter>
    </ClCompile>
    <ClCompile Include="Source\RaytracerMain\LightSource.cpp">
      <Filter>Source</Filter>
    </ClCompile>
  </ItemGroup>
  <ItemGroup>
    <ClInclude Include="Source\RaytracerMain\Scene.h">
      <Filter>Source</Filter>
    </ClInclude>
    <ClInclude Include="Source\RaytracerMain\Geometry\Triangle.h">
      <Filter>Source\Geometry</Filter>
    </ClInclude>
    <ClInclude Include="Source\RaytracerMain\Geometry\Vector3d.h">
      <Filter>Source\Geometry</Filter>
    </ClInclude>
    <ClInclude Include="Source\RaytracerMain\Material.h">
      <Filter>Source</Filter>
    </ClInclude>
    <ClInclude Include="Source\RaytracerMain\Camera.h">
      <Filter>Source</Filter>
    </ClInclude>
    <ClInclude Include="Source\RaytracerMain\Geometry\Octree.h">
      <Filter>Source\Geometry</Filter>
    </ClInclude>
    <ClInclude Include="Source\RaytracerMain\Geometry\Plane.h">
      <Filter>Source\Geometry</Filter>
    </ClInclude>
    <ClInclude Include="Source\RaytracerMain\LightSource.h">
      <Filter>Source</Filter>
    </ClInclude>
  </ItemGroup>
</Project>